// !$*UTF8*$!
{
	archiveVersion = 1;
	classes = {
	};
	objectVersion = 56;
	objects = {

/* Begin PBXBuildFile section */
		7498D3152B9DEFF000DC7C01 /* AppDelegate.swift in Sources */ = {isa = PBXBuildFile; fileRef = 7498D3142B9DEFF000DC7C01 /* AppDelegate.swift */; };
		7498D3172B9DEFF000DC7C01 /* SceneDelegate.swift in Sources */ = {isa = PBXBuildFile; fileRef = 7498D3162B9DEFF000DC7C01 /* SceneDelegate.swift */; };
		7498D31F2B9DEFF000DC7C01 /* QuizzApp.xcdatamodeld in Sources */ = {isa = PBXBuildFile; fileRef = 7498D31D2B9DEFF000DC7C01 /* QuizzApp.xcdatamodeld */; };
		7498D3212B9DEFF200DC7C01 /* Assets.xcassets in Resources */ = {isa = PBXBuildFile; fileRef = 7498D3202B9DEFF200DC7C01 /* Assets.xcassets */; };
		7498D3242B9DEFF200DC7C01 /* LaunchScreen.storyboard in Resources */ = {isa = PBXBuildFile; fileRef = 7498D3222B9DEFF200DC7C01 /* LaunchScreen.storyboard */; };
		7498D3302B9DEFF200DC7C01 /* QuizzAppTests.swift in Sources */ = {isa = PBXBuildFile; fileRef = 7498D32F2B9DEFF200DC7C01 /* QuizzAppTests.swift */; };
		7498D33A2B9DEFF200DC7C01 /* QuizzAppUITests.swift in Sources */ = {isa = PBXBuildFile; fileRef = 7498D3392B9DEFF200DC7C01 /* QuizzAppUITests.swift */; };
		7498D33C2B9DEFF200DC7C01 /* QuizzAppUITestsLaunchTests.swift in Sources */ = {isa = PBXBuildFile; fileRef = 7498D33B2B9DEFF200DC7C01 /* QuizzAppUITestsLaunchTests.swift */; };
		7498D34A2B9DF02700DC7C01 /* LoginViewController.swift in Sources */ = {isa = PBXBuildFile; fileRef = 7498D3492B9DF02700DC7C01 /* LoginViewController.swift */; };
		7498D34D2B9DF0C500DC7C01 /* Color+Extension.swift in Sources */ = {isa = PBXBuildFile; fileRef = 7498D34C2B9DF0C500DC7C01 /* Color+Extension.swift */; };
		7498D3502B9E113600DC7C01 /* StepButtonView.swift in Sources */ = {isa = PBXBuildFile; fileRef = 7498D34F2B9E113600DC7C01 /* StepButtonView.swift */; };
		7498D3522B9E11E400DC7C01 /* NSObjectProtocol+Extension.swift in Sources */ = {isa = PBXBuildFile; fileRef = 7498D3512B9E11E400DC7C01 /* NSObjectProtocol+Extension.swift */; };
		7498D3552B9E139900DC7C01 /* Constants.swift in Sources */ = {isa = PBXBuildFile; fileRef = 7498D3542B9E139900DC7C01 /* Constants.swift */; };
		7498D3592B9E160A00DC7C01 /* UIFont+Extension.swift in Sources */ = {isa = PBXBuildFile; fileRef = 7498D3582B9E160A00DC7C01 /* UIFont+Extension.swift */; };
		7498D35A2B9E16F700DC7C01 /* Rallomy-Regular.ttf in Resources */ = {isa = PBXBuildFile; fileRef = 7498D3572B9E15F200DC7C01 /* Rallomy-Regular.ttf */; };
		7498D3602B9E2D2C00DC7C01 /* LoginContentView.swift in Sources */ = {isa = PBXBuildFile; fileRef = 7498D35F2B9E2D2C00DC7C01 /* LoginContentView.swift */; };
		7498D3692B9E4B5500DC7C01 /* LTSoul-Medium.otf in Resources */ = {isa = PBXBuildFile; fileRef = 7498D3652B9E4B5400DC7C01 /* LTSoul-Medium.otf */; };
		7498D36A2B9E4B5500DC7C01 /* LTSoul-Regular.otf in Resources */ = {isa = PBXBuildFile; fileRef = 7498D3662B9E4B5400DC7C01 /* LTSoul-Regular.otf */; };
		7498D36B2B9E4B5500DC7C01 /* LTSoul-SemiBold.otf in Resources */ = {isa = PBXBuildFile; fileRef = 7498D3672B9E4B5500DC7C01 /* LTSoul-SemiBold.otf */; };
		7498D36C2B9E4B5500DC7C01 /* LTSoul-Bold.otf in Resources */ = {isa = PBXBuildFile; fileRef = 7498D3682B9E4B5500DC7C01 /* LTSoul-Bold.otf */; };
		7498D36E2B9E4E2500DC7C01 /* QAViewController.swift in Sources */ = {isa = PBXBuildFile; fileRef = 7498D36D2B9E4E2500DC7C01 /* QAViewController.swift */; };
/* End PBXBuildFile section */

/* Begin PBXContainerItemProxy section */
		7498D32C2B9DEFF200DC7C01 /* PBXContainerItemProxy */ = {
			isa = PBXContainerItemProxy;
			containerPortal = 7498D3092B9DEFF000DC7C01 /* Project object */;
			proxyType = 1;
			remoteGlobalIDString = 7498D3102B9DEFF000DC7C01;
			remoteInfo = QuizzApp;
		};
		7498D3362B9DEFF200DC7C01 /* PBXContainerItemProxy */ = {
			isa = PBXContainerItemProxy;
			containerPortal = 7498D3092B9DEFF000DC7C01 /* Project object */;
			proxyType = 1;
			remoteGlobalIDString = 7498D3102B9DEFF000DC7C01;
			remoteInfo = QuizzApp;
		};
/* End PBXContainerItemProxy section */

/* Begin PBXFileReference section */
		7498D3112B9DEFF000DC7C01 /* QuizzApp.app */ = {isa = PBXFileReference; explicitFileType = wrapper.application; includeInIndex = 0; path = QuizzApp.app; sourceTree = BUILT_PRODUCTS_DIR; };
		7498D3142B9DEFF000DC7C01 /* AppDelegate.swift */ = {isa = PBXFileReference; lastKnownFileType = sourcecode.swift; path = AppDelegate.swift; sourceTree = "<group>"; };
		7498D3162B9DEFF000DC7C01 /* SceneDelegate.swift */ = {isa = PBXFileReference; lastKnownFileType = sourcecode.swift; path = SceneDelegate.swift; sourceTree = "<group>"; };
		7498D31E2B9DEFF000DC7C01 /* QuizzApp.xcdatamodel */ = {isa = PBXFileReference; lastKnownFileType = wrapper.xcdatamodel; path = QuizzApp.xcdatamodel; sourceTree = "<group>"; };
		7498D3202B9DEFF200DC7C01 /* Assets.xcassets */ = {isa = PBXFileReference; lastKnownFileType = folder.assetcatalog; path = Assets.xcassets; sourceTree = "<group>"; };
		7498D3232B9DEFF200DC7C01 /* Base */ = {isa = PBXFileReference; lastKnownFileType = file.storyboard; name = Base; path = Base.lproj/LaunchScreen.storyboard; sourceTree = "<group>"; };
		7498D3252B9DEFF200DC7C01 /* QuizzApp.entitlements */ = {isa = PBXFileReference; lastKnownFileType = text.plist.entitlements; path = QuizzApp.entitlements; sourceTree = "<group>"; };
		7498D3262B9DEFF200DC7C01 /* Info.plist */ = {isa = PBXFileReference; lastKnownFileType = text.plist.xml; path = Info.plist; sourceTree = "<group>"; };
		7498D32B2B9DEFF200DC7C01 /* QuizzAppTests.xctest */ = {isa = PBXFileReference; explicitFileType = wrapper.cfbundle; includeInIndex = 0; path = QuizzAppTests.xctest; sourceTree = BUILT_PRODUCTS_DIR; };
		7498D32F2B9DEFF200DC7C01 /* QuizzAppTests.swift */ = {isa = PBXFileReference; lastKnownFileType = sourcecode.swift; path = QuizzAppTests.swift; sourceTree = "<group>"; };
		7498D3352B9DEFF200DC7C01 /* QuizzAppUITests.xctest */ = {isa = PBXFileReference; explicitFileType = wrapper.cfbundle; includeInIndex = 0; path = QuizzAppUITests.xctest; sourceTree = BUILT_PRODUCTS_DIR; };
		7498D3392B9DEFF200DC7C01 /* QuizzAppUITests.swift */ = {isa = PBXFileReference; lastKnownFileType = sourcecode.swift; path = QuizzAppUITests.swift; sourceTree = "<group>"; };
		7498D33B2B9DEFF200DC7C01 /* QuizzAppUITestsLaunchTests.swift */ = {isa = PBXFileReference; lastKnownFileType = sourcecode.swift; path = QuizzAppUITestsLaunchTests.swift; sourceTree = "<group>"; };
		7498D3492B9DF02700DC7C01 /* LoginViewController.swift */ = {isa = PBXFileReference; lastKnownFileType = sourcecode.swift; path = LoginViewController.swift; sourceTree = "<group>"; };
		7498D34C2B9DF0C500DC7C01 /* Color+Extension.swift */ = {isa = PBXFileReference; lastKnownFileType = sourcecode.swift; path = "Color+Extension.swift"; sourceTree = "<group>"; };
		7498D34F2B9E113600DC7C01 /* StepButtonView.swift */ = {isa = PBXFileReference; lastKnownFileType = sourcecode.swift; path = StepButtonView.swift; sourceTree = "<group>"; };
		7498D3512B9E11E400DC7C01 /* NSObjectProtocol+Extension.swift */ = {isa = PBXFileReference; lastKnownFileType = sourcecode.swift; path = "NSObjectProtocol+Extension.swift"; sourceTree = "<group>"; };
		7498D3542B9E139900DC7C01 /* Constants.swift */ = {isa = PBXFileReference; lastKnownFileType = sourcecode.swift; path = Constants.swift; sourceTree = "<group>"; };
		7498D3572B9E15F200DC7C01 /* Rallomy-Regular.ttf */ = {isa = PBXFileReference; lastKnownFileType = file; name = "Rallomy-Regular.ttf"; path = "../../../Downloads/rallomy/Rallomy-Regular.ttf"; sourceTree = "<group>"; };
		7498D3582B9E160A00DC7C01 /* UIFont+Extension.swift */ = {isa = PBXFileReference; lastKnownFileType = sourcecode.swift; path = "UIFont+Extension.swift"; sourceTree = "<group>"; };
		7498D35F2B9E2D2C00DC7C01 /* LoginContentView.swift */ = {isa = PBXFileReference; lastKnownFileType = sourcecode.swift; path = LoginContentView.swift; sourceTree = "<group>"; };
		7498D3652B9E4B5400DC7C01 /* LTSoul-Medium.otf */ = {isa = PBXFileReference; lastKnownFileType = file; name = "LTSoul-Medium.otf"; path = "../../../Downloads/lt_soul/LTSoul-Medium.otf"; sourceTree = "<group>"; };
		7498D3662B9E4B5400DC7C01 /* LTSoul-Regular.otf */ = {isa = PBXFileReference; lastKnownFileType = file; name = "LTSoul-Regular.otf"; path = "../../../Downloads/lt_soul/LTSoul-Regular.otf"; sourceTree = "<group>"; };
		7498D3672B9E4B5500DC7C01 /* LTSoul-SemiBold.otf */ = {isa = PBXFileReference; lastKnownFileType = file; name = "LTSoul-SemiBold.otf"; path = "../../../Downloads/lt_soul/LTSoul-SemiBold.otf"; sourceTree = "<group>"; };
		7498D3682B9E4B5500DC7C01 /* LTSoul-Bold.otf */ = {isa = PBXFileReference; lastKnownFileType = file; name = "LTSoul-Bold.otf"; path = "../../../Downloads/lt_soul/LTSoul-Bold.otf"; sourceTree = "<group>"; };
		7498D36D2B9E4E2500DC7C01 /* QAViewController.swift */ = {isa = PBXFileReference; lastKnownFileType = sourcecode.swift; path = QAViewController.swift; sourceTree = "<group>"; };
/* End PBXFileReference section */

/* Begin PBXFrameworksBuildPhase section */
		7498D30E2B9DEFF000DC7C01 /* Frameworks */ = {
			isa = PBXFrameworksBuildPhase;
			buildActionMask = 2147483647;
			files = (
			);
			runOnlyForDeploymentPostprocessing = 0;
		};
		7498D3282B9DEFF200DC7C01 /* Frameworks */ = {
			isa = PBXFrameworksBuildPhase;
			buildActionMask = 2147483647;
			files = (
			);
			runOnlyForDeploymentPostprocessing = 0;
		};
		7498D3322B9DEFF200DC7C01 /* Frameworks */ = {
			isa = PBXFrameworksBuildPhase;
			buildActionMask = 2147483647;
			files = (
			);
			runOnlyForDeploymentPostprocessing = 0;
		};
/* End PBXFrameworksBuildPhase section */

/* Begin PBXGroup section */
		7498D3082B9DEFF000DC7C01 = {
			isa = PBXGroup;
			children = (
				7498D3132B9DEFF000DC7C01 /* QuizzApp */,
				7498D32E2B9DEFF200DC7C01 /* QuizzAppTests */,
				7498D3382B9DEFF200DC7C01 /* QuizzAppUITests */,
				7498D3122B9DEFF000DC7C01 /* Products */,
			);
			sourceTree = "<group>";
		};
		7498D3122B9DEFF000DC7C01 /* Products */ = {
			isa = PBXGroup;
			children = (
				7498D3112B9DEFF000DC7C01 /* QuizzApp.app */,
				7498D32B2B9DEFF200DC7C01 /* QuizzAppTests.xctest */,
				7498D3352B9DEFF200DC7C01 /* QuizzAppUITests.xctest */,
			);
			name = Products;
			sourceTree = "<group>";
		};
		7498D3132B9DEFF000DC7C01 /* QuizzApp */ = {
			isa = PBXGroup;
			children = (
				7498D3562B9E15E100DC7C01 /* Ressources */,
				7498D3532B9E138E00DC7C01 /* Constants */,
				7498D34E2B9E112000DC7C01 /* Views */,
				7498D3142B9DEFF000DC7C01 /* AppDelegate.swift */,
				7498D34B2B9DF0AF00DC7C01 /* Extension */,
				7498D3482B9DF00C00DC7C01 /* Controllers */,
				7498D3162B9DEFF000DC7C01 /* SceneDelegate.swift */,
				7498D3202B9DEFF200DC7C01 /* Assets.xcassets */,
				7498D3222B9DEFF200DC7C01 /* LaunchScreen.storyboard */,
				7498D3252B9DEFF200DC7C01 /* QuizzApp.entitlements */,
				7498D3262B9DEFF200DC7C01 /* Info.plist */,
				7498D31D2B9DEFF000DC7C01 /* QuizzApp.xcdatamodeld */,
			);
			path = QuizzApp;
			sourceTree = "<group>";
		};
		7498D32E2B9DEFF200DC7C01 /* QuizzAppTests */ = {
			isa = PBXGroup;
			children = (
				7498D32F2B9DEFF200DC7C01 /* QuizzAppTests.swift */,
			);
			path = QuizzAppTests;
			sourceTree = "<group>";
		};
		7498D3382B9DEFF200DC7C01 /* QuizzAppUITests */ = {
			isa = PBXGroup;
			children = (
				7498D3392B9DEFF200DC7C01 /* QuizzAppUITests.swift */,
				7498D33B2B9DEFF200DC7C01 /* QuizzAppUITestsLaunchTests.swift */,
			);
			path = QuizzAppUITests;
			sourceTree = "<group>";
		};
		7498D3482B9DF00C00DC7C01 /* Controllers */ = {
			isa = PBXGroup;
			children = (
				7498D3492B9DF02700DC7C01 /* LoginViewController.swift */,
				7498D36D2B9E4E2500DC7C01 /* QAViewController.swift */,
			);
			path = Controllers;
			sourceTree = "<group>";
		};
		7498D34B2B9DF0AF00DC7C01 /* Extension */ = {
			isa = PBXGroup;
			children = (
				7498D34C2B9DF0C500DC7C01 /* Color+Extension.swift */,
				7498D3512B9E11E400DC7C01 /* NSObjectProtocol+Extension.swift */,
				7498D3582B9E160A00DC7C01 /* UIFont+Extension.swift */,
			);
			path = Extension;
			sourceTree = "<group>";
		};
		7498D34E2B9E112000DC7C01 /* Views */ = {
			isa = PBXGroup;
			children = (
				7498D34F2B9E113600DC7C01 /* StepButtonView.swift */,
				7498D35F2B9E2D2C00DC7C01 /* LoginContentView.swift */,
			);
			path = Views;
			sourceTree = "<group>";
		};
		7498D3532B9E138E00DC7C01 /* Constants */ = {
			isa = PBXGroup;
			children = (
				7498D3542B9E139900DC7C01 /* Constants.swift */,
			);
			path = Constants;
			sourceTree = "<group>";
		};
		7498D3562B9E15E100DC7C01 /* Ressources */ = {
			isa = PBXGroup;
			children = (
				7498D3682B9E4B5500DC7C01 /* LTSoul-Bold.otf */,
				7498D3652B9E4B5400DC7C01 /* LTSoul-Medium.otf */,
				7498D3662B9E4B5400DC7C01 /* LTSoul-Regular.otf */,
				7498D3672B9E4B5500DC7C01 /* LTSoul-SemiBold.otf */,
				7498D3572B9E15F200DC7C01 /* Rallomy-Regular.ttf */,
			);
			path = Ressources;
			sourceTree = "<group>";
		};
/* End PBXGroup section */

/* Begin PBXNativeTarget section */
		7498D3102B9DEFF000DC7C01 /* QuizzApp */ = {
			isa = PBXNativeTarget;
			buildConfigurationList = 7498D33F2B9DEFF200DC7C01 /* Build configuration list for PBXNativeTarget "QuizzApp" */;
			buildPhases = (
				7498D30D2B9DEFF000DC7C01 /* Sources */,
				7498D30E2B9DEFF000DC7C01 /* Frameworks */,
				7498D30F2B9DEFF000DC7C01 /* Resources */,
			);
			buildRules = (
			);
			dependencies = (
			);
			name = QuizzApp;
			productName = QuizzApp;
			productReference = 7498D3112B9DEFF000DC7C01 /* QuizzApp.app */;
			productType = "com.apple.product-type.application";
		};
		7498D32A2B9DEFF200DC7C01 /* QuizzAppTests */ = {
			isa = PBXNativeTarget;
			buildConfigurationList = 7498D3422B9DEFF200DC7C01 /* Build configuration list for PBXNativeTarget "QuizzAppTests" */;
			buildPhases = (
				7498D3272B9DEFF200DC7C01 /* Sources */,
				7498D3282B9DEFF200DC7C01 /* Frameworks */,
				7498D3292B9DEFF200DC7C01 /* Resources */,
			);
			buildRules = (
			);
			dependencies = (
				7498D32D2B9DEFF200DC7C01 /* PBXTargetDependency */,
			);
			name = QuizzAppTests;
			productName = QuizzAppTests;
			productReference = 7498D32B2B9DEFF200DC7C01 /* QuizzAppTests.xctest */;
			productType = "com.apple.product-type.bundle.unit-test";
		};
		7498D3342B9DEFF200DC7C01 /* QuizzAppUITests */ = {
			isa = PBXNativeTarget;
			buildConfigurationList = 7498D3452B9DEFF200DC7C01 /* Build configuration list for PBXNativeTarget "QuizzAppUITests" */;
			buildPhases = (
				7498D3312B9DEFF200DC7C01 /* Sources */,
				7498D3322B9DEFF200DC7C01 /* Frameworks */,
				7498D3332B9DEFF200DC7C01 /* Resources */,
			);
			buildRules = (
			);
			dependencies = (
				7498D3372B9DEFF200DC7C01 /* PBXTargetDependency */,
			);
			name = QuizzAppUITests;
			productName = QuizzAppUITests;
			productReference = 7498D3352B9DEFF200DC7C01 /* QuizzAppUITests.xctest */;
			productType = "com.apple.product-type.bundle.ui-testing";
		};
/* End PBXNativeTarget section */

/* Begin PBXProject section */
		7498D3092B9DEFF000DC7C01 /* Project object */ = {
			isa = PBXProject;
			attributes = {
				BuildIndependentTargetsInParallel = 1;
				LastSwiftUpdateCheck = 1500;
				LastUpgradeCheck = 1500;
				TargetAttributes = {
					7498D3102B9DEFF000DC7C01 = {
						CreatedOnToolsVersion = 15.0;
					};
					7498D32A2B9DEFF200DC7C01 = {
						CreatedOnToolsVersion = 15.0;
						TestTargetID = 7498D3102B9DEFF000DC7C01;
					};
					7498D3342B9DEFF200DC7C01 = {
						CreatedOnToolsVersion = 15.0;
						TestTargetID = 7498D3102B9DEFF000DC7C01;
					};
				};
			};
			buildConfigurationList = 7498D30C2B9DEFF000DC7C01 /* Build configuration list for PBXProject "QuizzApp" */;
			compatibilityVersion = "Xcode 14.0";
			developmentRegion = en;
			hasScannedForEncodings = 0;
			knownRegions = (
				en,
				Base,
			);
			mainGroup = 7498D3082B9DEFF000DC7C01;
			productRefGroup = 7498D3122B9DEFF000DC7C01 /* Products */;
			projectDirPath = "";
			projectRoot = "";
			targets = (
				7498D3102B9DEFF000DC7C01 /* QuizzApp */,
				7498D32A2B9DEFF200DC7C01 /* QuizzAppTests */,
				7498D3342B9DEFF200DC7C01 /* QuizzAppUITests */,
			);
		};
/* End PBXProject section */

/* Begin PBXResourcesBuildPhase section */
		7498D30F2B9DEFF000DC7C01 /* Resources */ = {
			isa = PBXResourcesBuildPhase;
			buildActionMask = 2147483647;
			files = (
				7498D35A2B9E16F700DC7C01 /* Rallomy-Regular.ttf in Resources */,
				7498D36A2B9E4B5500DC7C01 /* LTSoul-Regular.otf in Resources */,
				7498D36B2B9E4B5500DC7C01 /* LTSoul-SemiBold.otf in Resources */,
				7498D3242B9DEFF200DC7C01 /* LaunchScreen.storyboard in Resources */,
				7498D3212B9DEFF200DC7C01 /* Assets.xcassets in Resources */,
				7498D3692B9E4B5500DC7C01 /* LTSoul-Medium.otf in Resources */,
				7498D36C2B9E4B5500DC7C01 /* LTSoul-Bold.otf in Resources */,
			);
			runOnlyForDeploymentPostprocessing = 0;
		};
		7498D3292B9DEFF200DC7C01 /* Resources */ = {
			isa = PBXResourcesBuildPhase;
			buildActionMask = 2147483647;
			files = (
			);
			runOnlyForDeploymentPostprocessing = 0;
		};
		7498D3332B9DEFF200DC7C01 /* Resources */ = {
			isa = PBXResourcesBuildPhase;
			buildActionMask = 2147483647;
			files = (
			);
			runOnlyForDeploymentPostprocessing = 0;
		};
/* End PBXResourcesBuildPhase section */

/* Begin PBXSourcesBuildPhase section */
		7498D30D2B9DEFF000DC7C01 /* Sources */ = {
			isa = PBXSourcesBuildPhase;
			buildActionMask = 2147483647;
			files = (
				7498D34D2B9DF0C500DC7C01 /* Color+Extension.swift in Sources */,
				7498D31F2B9DEFF000DC7C01 /* QuizzApp.xcdatamodeld in Sources */,
				7498D3152B9DEFF000DC7C01 /* AppDelegate.swift in Sources */,
				7498D34A2B9DF02700DC7C01 /* LoginViewController.swift in Sources */,
				7498D3502B9E113600DC7C01 /* StepButtonView.swift in Sources */,
				7498D3172B9DEFF000DC7C01 /* SceneDelegate.swift in Sources */,
				7498D36E2B9E4E2500DC7C01 /* QAViewController.swift in Sources */,
				7498D3592B9E160A00DC7C01 /* UIFont+Extension.swift in Sources */,
				7498D3522B9E11E400DC7C01 /* NSObjectProtocol+Extension.swift in Sources */,
				7498D3602B9E2D2C00DC7C01 /* LoginContentView.swift in Sources */,
				7498D3552B9E139900DC7C01 /* Constants.swift in Sources */,
			);
			runOnlyForDeploymentPostprocessing = 0;
		};
		7498D3272B9DEFF200DC7C01 /* Sources */ = {
			isa = PBXSourcesBuildPhase;
			buildActionMask = 2147483647;
			files = (
				7498D3302B9DEFF200DC7C01 /* QuizzAppTests.swift in Sources */,
			);
			runOnlyForDeploymentPostprocessing = 0;
		};
		7498D3312B9DEFF200DC7C01 /* Sources */ = {
			isa = PBXSourcesBuildPhase;
			buildActionMask = 2147483647;
			files = (
				7498D33C2B9DEFF200DC7C01 /* QuizzAppUITestsLaunchTests.swift in Sources */,
				7498D33A2B9DEFF200DC7C01 /* QuizzAppUITests.swift in Sources */,
			);
			runOnlyForDeploymentPostprocessing = 0;
		};
/* End PBXSourcesBuildPhase section */

/* Begin PBXTargetDependency section */
		7498D32D2B9DEFF200DC7C01 /* PBXTargetDependency */ = {
			isa = PBXTargetDependency;
			target = 7498D3102B9DEFF000DC7C01 /* QuizzApp */;
			targetProxy = 7498D32C2B9DEFF200DC7C01 /* PBXContainerItemProxy */;
		};
		7498D3372B9DEFF200DC7C01 /* PBXTargetDependency */ = {
			isa = PBXTargetDependency;
			target = 7498D3102B9DEFF000DC7C01 /* QuizzApp */;
			targetProxy = 7498D3362B9DEFF200DC7C01 /* PBXContainerItemProxy */;
		};
/* End PBXTargetDependency section */

/* Begin PBXVariantGroup section */
		7498D3222B9DEFF200DC7C01 /* LaunchScreen.storyboard */ = {
			isa = PBXVariantGroup;
			children = (
				7498D3232B9DEFF200DC7C01 /* Base */,
			);
			name = LaunchScreen.storyboard;
			sourceTree = "<group>";
		};
/* End PBXVariantGroup section */

/* Begin XCBuildConfiguration section */
		7498D33D2B9DEFF200DC7C01 /* Debug */ = {
			isa = XCBuildConfiguration;
			buildSettings = {
				ALWAYS_SEARCH_USER_PATHS = NO;
				ASSETCATALOG_COMPILER_GENERATE_SWIFT_ASSET_SYMBOL_EXTENSIONS = YES;
				CLANG_ANALYZER_NONNULL = YES;
				CLANG_ANALYZER_NUMBER_OBJECT_CONVERSION = YES_AGGRESSIVE;
				CLANG_CXX_LANGUAGE_STANDARD = "gnu++20";
				CLANG_ENABLE_MODULES = YES;
				CLANG_ENABLE_OBJC_ARC = YES;
				CLANG_ENABLE_OBJC_WEAK = YES;
				CLANG_WARN_BLOCK_CAPTURE_AUTORELEASING = YES;
				CLANG_WARN_BOOL_CONVERSION = YES;
				CLANG_WARN_COMMA = YES;
				CLANG_WARN_CONSTANT_CONVERSION = YES;
				CLANG_WARN_DEPRECATED_OBJC_IMPLEMENTATIONS = YES;
				CLANG_WARN_DIRECT_OBJC_ISA_USAGE = YES_ERROR;
				CLANG_WARN_DOCUMENTATION_COMMENTS = YES;
				CLANG_WARN_EMPTY_BODY = YES;
				CLANG_WARN_ENUM_CONVERSION = YES;
				CLANG_WARN_INFINITE_RECURSION = YES;
				CLANG_WARN_INT_CONVERSION = YES;
				CLANG_WARN_NON_LITERAL_NULL_CONVERSION = YES;
				CLANG_WARN_OBJC_IMPLICIT_RETAIN_SELF = YES;
				CLANG_WARN_OBJC_LITERAL_CONVERSION = YES;
				CLANG_WARN_OBJC_ROOT_CLASS = YES_ERROR;
				CLANG_WARN_QUOTED_INCLUDE_IN_FRAMEWORK_HEADER = YES;
				CLANG_WARN_RANGE_LOOP_ANALYSIS = YES;
				CLANG_WARN_STRICT_PROTOTYPES = YES;
				CLANG_WARN_SUSPICIOUS_MOVE = YES;
				CLANG_WARN_UNGUARDED_AVAILABILITY = YES_AGGRESSIVE;
				CLANG_WARN_UNREACHABLE_CODE = YES;
				CLANG_WARN__DUPLICATE_METHOD_MATCH = YES;
				COPY_PHASE_STRIP = NO;
				DEBUG_INFORMATION_FORMAT = dwarf;
				ENABLE_STRICT_OBJC_MSGSEND = YES;
				ENABLE_TESTABILITY = YES;
				ENABLE_USER_SCRIPT_SANDBOXING = YES;
				GCC_C_LANGUAGE_STANDARD = gnu17;
				GCC_DYNAMIC_NO_PIC = NO;
				GCC_NO_COMMON_BLOCKS = YES;
				GCC_OPTIMIZATION_LEVEL = 0;
				GCC_PREPROCESSOR_DEFINITIONS = (
					"DEBUG=1",
					"$(inherited)",
				);
				GCC_WARN_64_TO_32_BIT_CONVERSION = YES;
				GCC_WARN_ABOUT_RETURN_TYPE = YES_ERROR;
				GCC_WARN_UNDECLARED_SELECTOR = YES;
				GCC_WARN_UNINITIALIZED_AUTOS = YES_AGGRESSIVE;
				GCC_WARN_UNUSED_FUNCTION = YES;
				GCC_WARN_UNUSED_VARIABLE = YES;
				IPHONEOS_DEPLOYMENT_TARGET = 17.0;
				LOCALIZATION_PREFERS_STRING_CATALOGS = YES;
				MTL_ENABLE_DEBUG_INFO = INCLUDE_SOURCE;
				MTL_FAST_MATH = YES;
				ONLY_ACTIVE_ARCH = YES;
				SDKROOT = iphoneos;
				SWIFT_ACTIVE_COMPILATION_CONDITIONS = "DEBUG $(inherited)";
				SWIFT_OPTIMIZATION_LEVEL = "-Onone";
			};
			name = Debug;
		};
		7498D33E2B9DEFF200DC7C01 /* Release */ = {
			isa = XCBuildConfiguration;
			buildSettings = {
				ALWAYS_SEARCH_USER_PATHS = NO;
				ASSETCATALOG_COMPILER_GENERATE_SWIFT_ASSET_SYMBOL_EXTENSIONS = YES;
				CLANG_ANALYZER_NONNULL = YES;
				CLANG_ANALYZER_NUMBER_OBJECT_CONVERSION = YES_AGGRESSIVE;
				CLANG_CXX_LANGUAGE_STANDARD = "gnu++20";
				CLANG_ENABLE_MODULES = YES;
				CLANG_ENABLE_OBJC_ARC = YES;
				CLANG_ENABLE_OBJC_WEAK = YES;
				CLANG_WARN_BLOCK_CAPTURE_AUTORELEASING = YES;
				CLANG_WARN_BOOL_CONVERSION = YES;
				CLANG_WARN_COMMA = YES;
				CLANG_WARN_CONSTANT_CONVERSION = YES;
				CLANG_WARN_DEPRECATED_OBJC_IMPLEMENTATIONS = YES;
				CLANG_WARN_DIRECT_OBJC_ISA_USAGE = YES_ERROR;
				CLANG_WARN_DOCUMENTATION_COMMENTS = YES;
				CLANG_WARN_EMPTY_BODY = YES;
				CLANG_WARN_ENUM_CONVERSION = YES;
				CLANG_WARN_INFINITE_RECURSION = YES;
				CLANG_WARN_INT_CONVERSION = YES;
				CLANG_WARN_NON_LITERAL_NULL_CONVERSION = YES;
				CLANG_WARN_OBJC_IMPLICIT_RETAIN_SELF = YES;
				CLANG_WARN_OBJC_LITERAL_CONVERSION = YES;
				CLANG_WARN_OBJC_ROOT_CLASS = YES_ERROR;
				CLANG_WARN_QUOTED_INCLUDE_IN_FRAMEWORK_HEADER = YES;
				CLANG_WARN_RANGE_LOOP_ANALYSIS = YES;
				CLANG_WARN_STRICT_PROTOTYPES = YES;
				CLANG_WARN_SUSPICIOUS_MOVE = YES;
				CLANG_WARN_UNGUARDED_AVAILABILITY = YES_AGGRESSIVE;
				CLANG_WARN_UNREACHABLE_CODE = YES;
				CLANG_WARN__DUPLICATE_METHOD_MATCH = YES;
				COPY_PHASE_STRIP = NO;
				DEBUG_INFORMATION_FORMAT = "dwarf-with-dsym";
				ENABLE_NS_ASSERTIONS = NO;
				ENABLE_STRICT_OBJC_MSGSEND = YES;
				ENABLE_USER_SCRIPT_SANDBOXING = YES;
				GCC_C_LANGUAGE_STANDARD = gnu17;
				GCC_NO_COMMON_BLOCKS = YES;
				GCC_WARN_64_TO_32_BIT_CONVERSION = YES;
				GCC_WARN_ABOUT_RETURN_TYPE = YES_ERROR;
				GCC_WARN_UNDECLARED_SELECTOR = YES;
				GCC_WARN_UNINITIALIZED_AUTOS = YES_AGGRESSIVE;
				GCC_WARN_UNUSED_FUNCTION = YES;
				GCC_WARN_UNUSED_VARIABLE = YES;
				IPHONEOS_DEPLOYMENT_TARGET = 17.0;
				LOCALIZATION_PREFERS_STRING_CATALOGS = YES;
				MTL_ENABLE_DEBUG_INFO = NO;
				MTL_FAST_MATH = YES;
				SDKROOT = iphoneos;
				SWIFT_COMPILATION_MODE = wholemodule;
				VALIDATE_PRODUCT = YES;
			};
			name = Release;
		};
		7498D3402B9DEFF200DC7C01 /* Debug */ = {
			isa = XCBuildConfiguration;
			buildSettings = {
				ASSETCATALOG_COMPILER_APPICON_NAME = AppIcon;
				ASSETCATALOG_COMPILER_GLOBAL_ACCENT_COLOR_NAME = AccentColor;
				CODE_SIGN_ENTITLEMENTS = QuizzApp/QuizzApp.entitlements;
				CODE_SIGN_STYLE = Automatic;
				CURRENT_PROJECT_VERSION = 1;
				DEVELOPMENT_TEAM = 7SXYZH5M96;
				GENERATE_INFOPLIST_FILE = YES;
				INFOPLIST_FILE = QuizzApp/Info.plist;
				INFOPLIST_KEY_UIApplicationSupportsIndirectInputEvents = YES;
				INFOPLIST_KEY_UILaunchStoryboardName = LaunchScreen;
				INFOPLIST_KEY_UISupportedInterfaceOrientations_iPad = "UIInterfaceOrientationPortrait UIInterfaceOrientationPortraitUpsideDown UIInterfaceOrientationLandscapeLeft UIInterfaceOrientationLandscapeRight";
				INFOPLIST_KEY_UISupportedInterfaceOrientations_iPhone = "UIInterfaceOrientationPortrait UIInterfaceOrientationLandscapeLeft UIInterfaceOrientationLandscapeRight";
				LD_RUNPATH_SEARCH_PATHS = (
					"$(inherited)",
					"@executable_path/Frameworks",
				);
				MARKETING_VERSION = 1.0;
				PRODUCT_BUNDLE_IDENTIFIER = personal.QuizzApp;
				PRODUCT_NAME = "$(TARGET_NAME)";
				SWIFT_EMIT_LOC_STRINGS = YES;
				SWIFT_VERSION = 5.0;
				TARGETED_DEVICE_FAMILY = "1,2";
			};
			name = Debug;
		};
		7498D3412B9DEFF200DC7C01 /* Release */ = {
			isa = XCBuildConfiguration;
			buildSettings = {
				ASSETCATALOG_COMPILER_APPICON_NAME = AppIcon;
				ASSETCATALOG_COMPILER_GLOBAL_ACCENT_COLOR_NAME = AccentColor;
				CODE_SIGN_ENTITLEMENTS = QuizzApp/QuizzApp.entitlements;
				CODE_SIGN_STYLE = Automatic;
				CURRENT_PROJECT_VERSION = 1;
				DEVELOPMENT_TEAM = 7SXYZH5M96;
				GENERATE_INFOPLIST_FILE = YES;
				INFOPLIST_FILE = QuizzApp/Info.plist;
				INFOPLIST_KEY_UIApplicationSupportsIndirectInputEvents = YES;
				INFOPLIST_KEY_UILaunchStoryboardName = LaunchScreen;
				INFOPLIST_KEY_UISupportedInterfaceOrientations_iPad = "UIInterfaceOrientationPortrait UIInterfaceOrientationPortraitUpsideDown UIInterfaceOrientationLandscapeLeft UIInterfaceOrientationLandscapeRight";
				INFOPLIST_KEY_UISupportedInterfaceOrientations_iPhone = "UIInterfaceOrientationPortrait UIInterfaceOrientationLandscapeLeft UIInterfaceOrientationLandscapeRight";
				LD_RUNPATH_SEARCH_PATHS = (
					"$(inherited)",
					"@executable_path/Frameworks",
				);
				MARKETING_VERSION = 1.0;
				PRODUCT_BUNDLE_IDENTIFIER = personal.QuizzApp;
				PRODUCT_NAME = "$(TARGET_NAME)";
				SWIFT_EMIT_LOC_STRINGS = YES;
				SWIFT_VERSION = 5.0;
				TARGETED_DEVICE_FAMILY = "1,2";
			};
			name = Release;
		};
		7498D3432B9DEFF200DC7C01 /* Debug */ = {
			isa = XCBuildConfiguration;
			buildSettings = {
				ALWAYS_EMBED_SWIFT_STANDARD_LIBRARIES = YES;
				BUNDLE_LOADER = "$(TEST_HOST)";
				CODE_SIGN_STYLE = Automatic;
				CURRENT_PROJECT_VERSION = 1;
				DEVELOPMENT_TEAM = 3Q5NVMT3TS;
				GENERATE_INFOPLIST_FILE = YES;
				IPHONEOS_DEPLOYMENT_TARGET = 17.0;
				MARKETING_VERSION = 1.0;
				PRODUCT_BUNDLE_IDENTIFIER = personal.QuizzAppTests;
				PRODUCT_NAME = "$(TARGET_NAME)";
				SWIFT_EMIT_LOC_STRINGS = NO;
				SWIFT_VERSION = 5.0;
				TARGETED_DEVICE_FAMILY = "1,2";
				TEST_HOST = "$(BUILT_PRODUCTS_DIR)/QuizzApp.app/$(BUNDLE_EXECUTABLE_FOLDER_PATH)/QuizzApp";
			};
			name = Debug;
		};
		7498D3442B9DEFF200DC7C01 /* Release */ = {
			isa = XCBuildConfiguration;
			buildSettings = {
				ALWAYS_EMBED_SWIFT_STANDARD_LIBRARIES = YES;
				BUNDLE_LOADER = "$(TEST_HOST)";
				CODE_SIGN_STYLE = Automatic;
				CURRENT_PROJECT_VERSION = 1;
				DEVELOPMENT_TEAM = 3Q5NVMT3TS;
				GENERATE_INFOPLIST_FILE = YES;
				IPHONEOS_DEPLOYMENT_TARGET = 17.0;
				MARKETING_VERSION = 1.0;
				PRODUCT_BUNDLE_IDENTIFIER = personal.QuizzAppTests;
				PRODUCT_NAME = "$(TARGET_NAME)";
				SWIFT_EMIT_LOC_STRINGS = NO;
				SWIFT_VERSION = 5.0;
				TARGETED_DEVICE_FAMILY = "1,2";
				TEST_HOST = "$(BUILT_PRODUCTS_DIR)/QuizzApp.app/$(BUNDLE_EXECUTABLE_FOLDER_PATH)/QuizzApp";
			};
			name = Release;
		};
		7498D3462B9DEFF200DC7C01 /* Debug */ = {
			isa = XCBuildConfiguration;
			buildSettings = {
				ALWAYS_EMBED_SWIFT_STANDARD_LIBRARIES = YES;
				CODE_SIGN_STYLE = Automatic;
				CURRENT_PROJECT_VERSION = 1;
				DEVELOPMENT_TEAM = 3Q5NVMT3TS;
				GENERATE_INFOPLIST_FILE = YES;
				MARKETING_VERSION = 1.0;
				PRODUCT_BUNDLE_IDENTIFIER = personal.QuizzAppUITests;
				PRODUCT_NAME = "$(TARGET_NAME)";
				SWIFT_EMIT_LOC_STRINGS = NO;
				SWIFT_VERSION = 5.0;
				TARGETED_DEVICE_FAMILY = "1,2";
				TEST_TARGET_NAME = QuizzApp;
			};
			name = Debug;
		};
		7498D3472B9DEFF200DC7C01 /* Release */ = {
			isa = XCBuildConfiguration;
			buildSettings = {
				ALWAYS_EMBED_SWIFT_STANDARD_LIBRARIES = YES;
				CODE_SIGN_STYLE = Automatic;
				CURRENT_PROJECT_VERSION = 1;
				DEVELOPMENT_TEAM = 3Q5NVMT3TS;
				GENERATE_INFOPLIST_FILE = YES;
				MARKETING_VERSION = 1.0;
				PRODUCT_BUNDLE_IDENTIFIER = personal.QuizzAppUITests;
				PRODUCT_NAME = "$(TARGET_NAME)";
				SWIFT_EMIT_LOC_STRINGS = NO;
				SWIFT_VERSION = 5.0;
				TARGETED_DEVICE_FAMILY = "1,2";
				TEST_TARGET_NAME = QuizzApp;
			};
			name = Release;
		};
/* End XCBuildConfiguration section */

/* Begin XCConfigurationList section */
		7498D30C2B9DEFF000DC7C01 /* Build configuration list for PBXProject "QuizzApp" */ = {
			isa = XCConfigurationList;
			buildConfigurations = (
				7498D33D2B9DEFF200DC7C01 /* Debug */,
				7498D33E2B9DEFF200DC7C01 /* Release */,
			);
			defaultConfigurationIsVisible = 0;
			defaultConfigurationName = Release;
		};
		7498D33F2B9DEFF200DC7C01 /* Build configuration list for PBXNativeTarget "QuizzApp" */ = {
			isa = XCConfigurationList;
			buildConfigurations = (
				7498D3402B9DEFF200DC7C01 /* Debug */,
				7498D3412B9DEFF200DC7C01 /* Release */,
			);
			defaultConfigurationIsVisible = 0;
			defaultConfigurationName = Release;
		};
		7498D3422B9DEFF200DC7C01 /* Build configuration list for PBXNativeTarget "QuizzAppTests" */ = {
			isa = XCConfigurationList;
			buildConfigurations = (
				7498D3432B9DEFF200DC7C01 /* Debug */,
				7498D3442B9DEFF200DC7C01 /* Release */,
			);
			defaultConfigurationIsVisible = 0;
			defaultConfigurationName = Release;
		};
		7498D3452B9DEFF200DC7C01 /* Build configuration list for PBXNativeTarget "QuizzAppUITests" */ = {
			isa = XCConfigurationList;
			buildConfigurations = (
				7498D3462B9DEFF200DC7C01 /* Debug */,
				7498D3472B9DEFF200DC7C01 /* Release */,
			);
			defaultConfigurationIsVisible = 0;
			defaultConfigurationName = Release;
		};
/* End XCConfigurationList section */

/* Begin XCVersionGroup section */
		7498D31D2B9DEFF000DC7C01 /* QuizzApp.xcdatamodeld */ = {
			isa = XCVersionGroup;
			children = (
				7498D31E2B9DEFF000DC7C01 /* QuizzApp.xcdatamodel */,
			);
			currentVersion = 7498D31E2B9DEFF000DC7C01 /* QuizzApp.xcdatamodel */;
			path = QuizzApp.xcdatamodeld;
			sourceTree = "<group>";
			versionGroupType = wrapper.xcdatamodel;
		};
/* End XCVersionGroup section */
	};
	rootObject = 7498D3092B9DEFF000DC7C01 /* Project object */;
}
